{
  "name": "jstestapp",
  "version": "1.0.0",
  "lockfileVersion": 1,
  "requires": true,
  "dependencies": {
    "base64-arraybuffer-es6": {
      "version": "0.6.0",
      "resolved": "https://registry.npmjs.org/base64-arraybuffer-es6/-/base64-arraybuffer-es6-0.6.0.tgz",
      "integrity": "sha512-57nLqKj4ShsDwFJWJsM4sZx6u60WbCge35rWRSevUwqxDtRwwxiKAO800zD2upPv4CfdWjQp//wSLar35nDKvA=="
    },
    "core-js": {
      "version": "2.6.12",
      "resolved": "https://registry.npmjs.org/core-js/-/core-js-2.6.12.tgz",
      "integrity": "sha512-Kb2wC0fvsWfQrgk8HU5lW6U/Lcs8+9aaYcy4ZFc6DDlo4nZ7n70dEgE5rtR0oG6ufKDUnrwfWL1mXR5ljDatrQ=="
    },
    "debug": {
      "version": "4.3.1",
      "resolved": "https://registry.npmjs.org/debug/-/debug-4.3.1.tgz",
      "integrity": "sha512-doEwdvm4PCeK4K3RQN2ZC2BYUBaxwLARCqZmMjtF8a51J2Rb0xpVloFRnCODwqjpwnAoao4pelN8l3RJdv3gRQ==",
      "requires": {
        "ms": "2.1.2"
      }
    },
    "domexception": {
      "version": "1.0.1",
      "resolved": "https://registry.npmjs.org/domexception/-/domexception-1.0.1.tgz",
      "integrity": "sha512-raigMkn7CJNNo6Ihro1fzG7wr3fHuYVytzquZKX5n0yizGsTcYgzdIUwj1X9pK0VvjeihV+XiclP+DjwbsSKug==",
      "requires": {
        "webidl-conversions": "^4.0.2"
      }
    },
    "fake-indexeddb": {
      "version": "3.1.2",
      "resolved": "https://registry.npmjs.org/fake-indexeddb/-/fake-indexeddb-3.1.2.tgz",
      "integrity": "sha512-W60eRBrE8r9o/EePyyUc63sr2I/MI9p3zVwLlC1WI1xdmQVqqM6+wec9KDWDz2EZyvJKhrDvy3cGC6hK8L1pfg==",
      "requires": {
        "realistic-structured-clone": "^2.0.1",
        "setimmediate": "^1.0.5"
      }
    },
    "ffi-napi": {
      "version": "3.1.0",
      "resolved": "https://registry.npmjs.org/ffi-napi/-/ffi-napi-3.1.0.tgz",
      "integrity": "sha512-EsHO+sP2p/nUC/3l/l8m9niee1BLm4asUFDzkkBGR4kYVgp2KqdAYUomZhkKtzim4Fq7mcYHjpUaIHsMqs+E1g==",
      "requires": {
        "debug": "^4.1.1",
        "get-uv-event-loop-napi-h": "^1.0.5",
        "node-addon-api": "^2.0.0",
        "node-gyp-build": "^4.2.1",
        "ref-napi": "^2.0.1",
        "ref-struct-di": "^1.1.0"
      }
    },
    "get-symbol-from-current-process-h": {
      "version": "1.0.2",
      "resolved": "https://registry.npmjs.org/get-symbol-from-current-process-h/-/get-symbol-from-current-process-h-1.0.2.tgz",
      "integrity": "sha512-syloC6fsCt62ELLrr1VKBM1ggOpMdetX9hTrdW77UQdcApPHLmf7CI7OKcN1c9kYuNxKcDe4iJ4FY9sX3aw2xw=="
    },
    "get-uv-event-loop-napi-h": {
      "version": "1.0.6",
      "resolved": "https://registry.npmjs.org/get-uv-event-loop-napi-h/-/get-uv-event-loop-napi-h-1.0.6.tgz",
      "integrity": "sha512-t5c9VNR84nRoF+eLiz6wFrEp1SE2Acg0wS+Ysa2zF0eROes+LzOfuTaVHxGy8AbS8rq7FHEJzjnCZo1BupwdJg==",
      "requires": {
        "get-symbol-from-current-process-h": "^1.0.1"
      }
    },
    "lodash.sortby": {
      "version": "4.7.0",
      "resolved": "https://registry.npmjs.org/lodash.sortby/-/lodash.sortby-4.7.0.tgz",
      "integrity": "sha1-7dFMgk4sycHgsKG0K7UhBRakJDg="
    },
    "ms": {
      "version": "2.1.2",
      "resolved": "https://registry.npmjs.org/ms/-/ms-2.1.2.tgz",
      "integrity": "sha512-sGkPx+VjMtmA6MX27oA4FBFELFCZZ4S4XqeGOXCv68tT+jb3vk/RyaKWP0PTKyWtmLSM0b+adUTEvbs1PEaH2w=="
    },
    "node-addon-api": {
      "version": "2.0.2",
      "resolved": "https://registry.npmjs.org/node-addon-api/-/node-addon-api-2.0.2.tgz",
      "integrity": "sha512-Ntyt4AIXyaLIuMHF6IOoTakB3K+RWxwtsHNRxllEoA6vPwP9o4866g6YWDLUdnucilZhmkxiHwHr11gAENw+QA=="
    },
    "node-gyp-build": {
      "version": "4.2.3",
      "resolved": "https://registry.npmjs.org/node-gyp-build/-/node-gyp-build-4.2.3.tgz",
      "integrity": "sha512-MN6ZpzmfNCRM+3t57PTJHgHyw/h4OWnZ6mR8P5j/uZtqQr46RRuDE/P+g3n0YR/AiYXeWixZZzaip77gdICfRg=="
    },
    "punycode": {
      "version": "2.1.1",
      "resolved": "https://registry.npmjs.org/punycode/-/punycode-2.1.1.tgz",
      "integrity": "sha512-XRsRjdf+j5ml+y/6GKHPZbrF/8p2Yga0JPtdqTIY2Xe5ohJPD9saDJJLPvp9+NSBprVvevdXZybnj2cv8OEd0A=="
    },
    "realistic-structured-clone": {
      "version": "2.0.2",
      "resolved": "https://registry.npmjs.org/realistic-structured-clone/-/realistic-structured-clone-2.0.2.tgz",
      "integrity": "sha512-5IEvyfuMJ4tjQOuKKTFNvd+H9GSbE87IcendSBannE28PTrbolgaVg5DdEApRKhtze794iXqVUFKV60GLCNKEg==",
      "requires": {
        "core-js": "^2.5.3",
        "domexception": "^1.0.1",
        "typeson": "^5.8.2",
        "typeson-registry": "^1.0.0-alpha.20"
      }
    },
    "ref-napi": {
      "version": "2.1.2",
      "resolved": "https://registry.npmjs.org/ref-napi/-/ref-napi-2.1.2.tgz",
      "integrity": "sha512-aFl+vrIuLWUXMUTQGAwGAuSNLX3Ub5W3iVP8b7KyFFZUdn4+i4U1TXXTop0kCTUfGNu8glBGVz4lowkwMcPVVA==",
      "requires": {
        "debug": "^4.1.1",
        "get-symbol-from-current-process-h": "^1.0.2",
        "node-addon-api": "^2.0.0",
        "node-gyp-build": "^4.2.1"
      }
    },
    "ref-struct-di": {
      "version": "1.1.1",
      "resolved": "https://registry.npmjs.org/ref-struct-di/-/ref-struct-di-1.1.1.tgz",
      "integrity": "sha512-2Xyn/0Qgz89VT+++WP0sTosdm9oeowLP23wRJYhG4BFdMUrLj3jhwHZNEytYNYgtPKLNTP3KJX4HEgBvM1/Y2g==",
      "requires": {
        "debug": "^3.1.0"
      },
      "dependencies": {
        "debug": {
          "version": "3.2.7",
          "resolved": "https://registry.npmjs.org/debug/-/debug-3.2.7.tgz",
          "integrity": "sha512-CFjzYYAi4ThfiQvizrFQevTTXHtnCqWfe7x1AhgEscTz6ZbLbfoLRLPugTQyBth6f8ZERVUSyWHFD/7Wu4t1XQ==",
          "requires": {
            "ms": "^2.1.1"
          }
        }
      }
    },
    "setimmediate": {
      "version": "1.0.5",
      "resolved": "https://registry.npmjs.org/setimmediate/-/setimmediate-1.0.5.tgz",
      "integrity": "sha1-KQy7Iy4waULX1+qbg3Mqt4VvgoU="
    },
    "setimmediate-napi": {
      "version": "1.0.6",
      "resolved": "https://registry.npmjs.org/setimmediate-napi/-/setimmediate-napi-1.0.6.tgz",
      "integrity": "sha512-sdNXN15Av1jPXuSal4Mk4tEAKn0+8lfF9Z50/negaQMrAIO9c1qM0eiCh8fT6gctp0RiCObk+6/Xfn5RMGdZoA==",
      "requires": {
        "get-symbol-from-current-process-h": "^1.0.1",
        "get-uv-event-loop-napi-h": "^1.0.5"
      }
    },
    "tr46": {
      "version": "2.0.2",
      "resolved": "https://registry.npmjs.org/tr46/-/tr46-2.0.2.tgz",
      "integrity": "sha512-3n1qG+/5kg+jrbTzwAykB5yRYtQCTqOGKq5U5PE3b0a1/mzo6snDhjGS0zJVJunO0NrT3Dg1MLy5TjWP/UJppg==",
      "requires": {
        "punycode": "^2.1.1"
      }
    },
    "typeson": {
      "version": "5.18.2",
      "resolved": "https://registry.npmjs.org/typeson/-/typeson-5.18.2.tgz",
      "integrity": "sha512-Vetd+OGX05P4qHyHiSLdHZ5Z5GuQDrHHwSdjkqho9NSCYVSLSfRMjklD/unpHH8tXBR9Z/R05rwJSuMpMFrdsw=="
    },
    "typeson-registry": {
      "version": "1.0.0-alpha.38",
      "resolved": "https://registry.npmjs.org/typeson-registry/-/typeson-registry-1.0.0-alpha.38.tgz",
      "integrity": "sha512-6lt2IhbNT9hyow5hljZqjWtVDXBIaC1X8bBGlBva0Pod2f42g23bVqww09ruquwSC48I8BSSCPi+B2dFHM5ihQ==",
      "requires": {
        "base64-arraybuffer-es6": "^0.6.0",
        "typeson": "^5.18.2",
        "whatwg-url": "^8.1.0"
      }
    },
    "weak-napi": {
      "version": "2.0.2",
      "resolved": "https://registry.npmjs.org/weak-napi/-/weak-napi-2.0.2.tgz",
      "integrity": "sha512-LcOSVFrghtVXf4QH+DLIy8iPiCktV7lVbqRDYP+bDPpLzC41RCHQPMyQOnPpWO41Ie4CmnDxS+mbL72r5xFMMQ==",
      "requires": {
        "node-addon-api": "^3.0.0",
        "node-gyp-build": "^4.2.1",
        "setimmediate-napi": "^1.0.3"
      },
      "dependencies": {
        "node-addon-api": {
          "version": "3.1.0",
          "resolved": "https://registry.npmjs.org/node-addon-api/-/node-addon-api-3.1.0.tgz",
          "integrity": "sha512-flmrDNB06LIl5lywUz7YlNGZH/5p0M7W28k8hzd9Lshtdh1wshD2Y+U4h9LD6KObOy1f+fEVdgprPrEymjM5uw=="
        }
      }
    },
    "webidl-conversions": {
      "version": "4.0.2",
      "resolved": "https://registry.npmjs.org/webidl-conversions/-/webidl-conversions-4.0.2.tgz",
      "integrity": "sha512-YQ+BmxuTgd6UXZW3+ICGfyqRyHXVlD5GtQr5+qjiNW7bF0cqrzX500HVXPBOvgXb5YnzDd+h0zqyv61KUD7+Sg=="
    },
    "whatwg-url": {
      "version": "8.4.0",
      "resolved": "https://registry.npmjs.org/whatwg-url/-/whatwg-url-8.4.0.tgz",
      "integrity": "sha512-vwTUFf6V4zhcPkWp/4CQPr1TW9Ml6SF4lVyaIMBdJw5i6qUUJ1QWM4Z6YYVkfka0OUIzVo/0aNtGVGk256IKWw==",
      "requires": {
        "lodash.sortby": "^4.7.0",
        "tr46": "^2.0.2",
        "webidl-conversions": "^6.1.0"
      },
      "dependencies": {
        "webidl-conversions": {
          "version": "6.1.0",
          "resolved": "https://registry.npmjs.org/webidl-conversions/-/webidl-conversions-6.1.0.tgz",
          "integrity": "sha512-qBIvFLGiBpLjfwmYAaHPXsn+ho5xZnGvyGvsarywGNc8VyQJUMHJ8OBKGGrPER0okBeMDaan4mNBlgBROxuI8w=="
        }
      }
    }
  }
}
